// !$*UTF8*$!
{
	archiveVersion = 1;
	classes = {
	};
	objectVersion = 46;
	objects = {

/* Begin PBXBuildFile section */
		960A98E11467AF0D00A530B6 /* RegisterViewController.m in Sources */ = {isa = PBXBuildFile; fileRef = 960A98E01467AF0D00A530B6 /* RegisterViewController.m */; };
		9620EE4814513863006F78B6 /* APICaller.m in Sources */ = {isa = PBXBuildFile; fileRef = 9620EE4714513863006F78B6 /* APICaller.m */; };
		9620EE4C14513884006F78B6 /* Account.m in Sources */ = {isa = PBXBuildFile; fileRef = 9620EE4B14513884006F78B6 /* Account.m */; };
		966891D0145FA77900E5638D /* GTMStringEncoding.m in Sources */ = {isa = PBXBuildFile; fileRef = 966891CF145FA77900E5638D /* GTMStringEncoding.m */; settings = {COMPILER_FLAGS = "-fno-objc-arc"; }; };
		96880387145F9EAD004C3871 /* GTMHTTPFetcher.m in Sources */ = {isa = PBXBuildFile; fileRef = 96880386145F9EAD004C3871 /* GTMHTTPFetcher.m */; settings = {COMPILER_FLAGS = "-fno-objc-arc"; }; };
		9697E5F61461E9A4001FA80E /* NSObject+SBJson.m in Sources */ = {isa = PBXBuildFile; fileRef = 9697E5DE1461E9A4001FA80E /* NSObject+SBJson.m */; };
		9697E5F71461E9A4001FA80E /* SBJsonParser.m in Sources */ = {isa = PBXBuildFile; fileRef = 9697E5E11461E9A4001FA80E /* SBJsonParser.m */; };
		9697E5F81461E9A4001FA80E /* SBJsonStreamParser.m in Sources */ = {isa = PBXBuildFile; fileRef = 9697E5E31461E9A4001FA80E /* SBJsonStreamParser.m */; };
		9697E5F91461E9A4001FA80E /* SBJsonStreamParserAccumulator.m in Sources */ = {isa = PBXBuildFile; fileRef = 9697E5E51461E9A4001FA80E /* SBJsonStreamParserAccumulator.m */; };
		9697E5FA1461E9A4001FA80E /* SBJsonStreamParserAdapter.m in Sources */ = {isa = PBXBuildFile; fileRef = 9697E5E71461E9A4001FA80E /* SBJsonStreamParserAdapter.m */; };
		9697E5FB1461E9A4001FA80E /* SBJsonStreamParserState.m in Sources */ = {isa = PBXBuildFile; fileRef = 9697E5E91461E9A4001FA80E /* SBJsonStreamParserState.m */; };
		9697E5FC1461E9A4001FA80E /* SBJsonStreamWriter.m in Sources */ = {isa = PBXBuildFile; fileRef = 9697E5EB1461E9A4001FA80E /* SBJsonStreamWriter.m */; };
		9697E5FD1461E9A4001FA80E /* SBJsonStreamWriterAccumulator.m in Sources */ = {isa = PBXBuildFile; fileRef = 9697E5ED1461E9A4001FA80E /* SBJsonStreamWriterAccumulator.m */; };
		9697E5FE1461E9A4001FA80E /* SBJsonStreamWriterState.m in Sources */ = {isa = PBXBuildFile; fileRef = 9697E5EF1461E9A4001FA80E /* SBJsonStreamWriterState.m */; };
		9697E5FF1461E9A4001FA80E /* SBJsonTokeniser.m in Sources */ = {isa = PBXBuildFile; fileRef = 9697E5F11461E9A4001FA80E /* SBJsonTokeniser.m */; };
		9697E6001461E9A4001FA80E /* SBJsonUTF8Stream.m in Sources */ = {isa = PBXBuildFile; fileRef = 9697E5F31461E9A4001FA80E /* SBJsonUTF8Stream.m */; };
		9697E6011461E9A4001FA80E /* SBJsonWriter.m in Sources */ = {isa = PBXBuildFile; fileRef = 9697E5F51461E9A4001FA80E /* SBJsonWriter.m */; };
		96B3663B1468FCAE00D35E9B /* AccountInfoViewController.m in Sources */ = {isa = PBXBuildFile; fileRef = 96B366391468FCAE00D35E9B /* AccountInfoViewController.m */; };
		96B3663C1468FCAE00D35E9B /* AccountInfoViewController.xib in Resources */ = {isa = PBXBuildFile; fileRef = 96B3663A1468FCAE00D35E9B /* AccountInfoViewController.xib */; };
		96E56805144E71B80008C755 /* UIKit.framework in Frameworks */ = {isa = PBXBuildFile; fileRef = 96E56804144E71B80008C755 /* UIKit.framework */; };
		96E56807144E71B80008C755 /* Foundation.framework in Frameworks */ = {isa = PBXBuildFile; fileRef = 96E56806144E71B80008C755 /* Foundation.framework */; };
		96E56809144E71B80008C755 /* CoreGraphics.framework in Frameworks */ = {isa = PBXBuildFile; fileRef = 96E56808144E71B80008C755 /* CoreGraphics.framework */; };
		96E5680F144E71B80008C755 /* InfoPlist.strings in Resources */ = {isa = PBXBuildFile; fileRef = 96E5680D144E71B80008C755 /* InfoPlist.strings */; };
		96E56811144E71B80008C755 /* main.m in Sources */ = {isa = PBXBuildFile; fileRef = 96E56810144E71B80008C755 /* main.m */; };
		96E56815144E71B80008C755 /* TaediumAppDelegate.m in Sources */ = {isa = PBXBuildFile; fileRef = 96E56814144E71B80008C755 /* TaediumAppDelegate.m */; };
		96E56818144E71B80008C755 /* MainStoryboard.storyboard in Resources */ = {isa = PBXBuildFile; fileRef = 96E56816144E71B80008C755 /* MainStoryboard.storyboard */; };
		96E5681B144E71B80008C755 /* FilterActivitiesViewController.m in Sources */ = {isa = PBXBuildFile; fileRef = 96E5681A144E71B80008C755 /* FilterActivitiesViewController.m */; };
		96E5681D144E71B80008C755 /* first.png in Resources */ = {isa = PBXBuildFile; fileRef = 96E5681C144E71B80008C755 /* first.png */; };
		96E5681F144E71B80008C755 /* first@2x.png in Resources */ = {isa = PBXBuildFile; fileRef = 96E5681E144E71B80008C755 /* first@2x.png */; };
		96E56822144E71B80008C755 /* ViewRecsViewController.m in Sources */ = {isa = PBXBuildFile; fileRef = 96E56821144E71B80008C755 /* ViewRecsViewController.m */; };
		96E56824144E71B80008C755 /* second.png in Resources */ = {isa = PBXBuildFile; fileRef = 96E56823144E71B80008C755 /* second.png */; };
		96E56826144E71B80008C755 /* second@2x.png in Resources */ = {isa = PBXBuildFile; fileRef = 96E56825144E71B80008C755 /* second@2x.png */; };
		96E5682E144E71B80008C755 /* SenTestingKit.framework in Frameworks */ = {isa = PBXBuildFile; fileRef = 96E5682D144E71B80008C755 /* SenTestingKit.framework */; };
		96E5682F144E71B80008C755 /* UIKit.framework in Frameworks */ = {isa = PBXBuildFile; fileRef = 96E56804144E71B80008C755 /* UIKit.framework */; };
		96E56830144E71B80008C755 /* Foundation.framework in Frameworks */ = {isa = PBXBuildFile; fileRef = 96E56806144E71B80008C755 /* Foundation.framework */; };
		96E56838144E71B80008C755 /* InfoPlist.strings in Resources */ = {isa = PBXBuildFile; fileRef = 96E56836144E71B80008C755 /* InfoPlist.strings */; };
		96E5683B144E71B80008C755 /* taediumTests.m in Sources */ = {isa = PBXBuildFile; fileRef = 96E5683A144E71B80008C755 /* taediumTests.m */; };
		96E5684A144E7FC00008C755 /* AddActivityViewController.m in Sources */ = {isa = PBXBuildFile; fileRef = 96E56849144E7FC00008C755 /* AddActivityViewController.m */; };
		96E5684E144E82860008C755 /* SocialViewController.m in Sources */ = {isa = PBXBuildFile; fileRef = 96E5684C144E82860008C755 /* SocialViewController.m */; };
		96E56852144E84510008C755 /* AccountViewController.m in Sources */ = {isa = PBXBuildFile; fileRef = 96E56851144E84510008C755 /* AccountViewController.m */; };
		96FF820A146788E600CCA55B /* Register.xib in Resources */ = {isa = PBXBuildFile; fileRef = 96FF8209146788E600CCA55B /* Register.xib */; };
/* End PBXBuildFile section */

/* Begin PBXContainerItemProxy section */
		96E56831144E71B80008C755 /* PBXContainerItemProxy */ = {
			isa = PBXContainerItemProxy;
			containerPortal = 96E567F7144E71B80008C755 /* Project object */;
			proxyType = 1;
			remoteGlobalIDString = 96E567FF144E71B80008C755;
			remoteInfo = taedium;
		};
/* End PBXContainerItemProxy section */

/* Begin PBXFileReference section */
		960A98DF1467AF0D00A530B6 /* RegisterViewController.h */ = {isa = PBXFileReference; fileEncoding = 4; lastKnownFileType = sourcecode.c.h; path = RegisterViewController.h; sourceTree = "<group>"; };
		960A98E01467AF0D00A530B6 /* RegisterViewController.m */ = {isa = PBXFileReference; fileEncoding = 4; lastKnownFileType = sourcecode.c.objc; path = RegisterViewController.m; sourceTree = "<group>"; };
		9620EE4614513863006F78B6 /* APICaller.h */ = {isa = PBXFileReference; fileEncoding = 4; lastKnownFileType = sourcecode.c.h; path = APICaller.h; sourceTree = "<group>"; };
		9620EE4714513863006F78B6 /* APICaller.m */ = {isa = PBXFileReference; fileEncoding = 4; lastKnownFileType = sourcecode.c.objc; path = APICaller.m; sourceTree = "<group>"; };
		9620EE4A14513884006F78B6 /* Account.h */ = {isa = PBXFileReference; fileEncoding = 4; lastKnownFileType = sourcecode.c.h; path = Account.h; sourceTree = "<group>"; };
		9620EE4B14513884006F78B6 /* Account.m */ = {isa = PBXFileReference; fileEncoding = 4; lastKnownFileType = sourcecode.c.objc; path = Account.m; sourceTree = "<group>"; };
		966891CE145FA77900E5638D /* GTMStringEncoding.h */ = {isa = PBXFileReference; fileEncoding = 4; lastKnownFileType = sourcecode.c.h; path = GTMStringEncoding.h; sourceTree = "<group>"; };
		966891CF145FA77900E5638D /* GTMStringEncoding.m */ = {isa = PBXFileReference; fileEncoding = 4; lastKnownFileType = sourcecode.c.objc; path = GTMStringEncoding.m; sourceTree = "<group>"; };
		96691813145FAED400705241 /* GTMDefines.h */ = {isa = PBXFileReference; fileEncoding = 4; lastKnownFileType = sourcecode.c.h; name = GTMDefines.h; path = taedium/GTMDefines.h; sourceTree = "<group>"; };
		96880385145F9EAD004C3871 /* GTMHTTPFetcher.h */ = {isa = PBXFileReference; fileEncoding = 4; lastKnownFileType = sourcecode.c.h; path = GTMHTTPFetcher.h; sourceTree = "<group>"; };
		96880386145F9EAD004C3871 /* GTMHTTPFetcher.m */ = {isa = PBXFileReference; fileEncoding = 4; lastKnownFileType = sourcecode.c.objc; path = GTMHTTPFetcher.m; sourceTree = "<group>"; };
		9697E5DD1461E9A4001FA80E /* NSObject+SBJson.h */ = {isa = PBXFileReference; fileEncoding = 4; lastKnownFileType = sourcecode.c.h; path = "NSObject+SBJson.h"; sourceTree = "<group>"; };
		9697E5DE1461E9A4001FA80E /* NSObject+SBJson.m */ = {isa = PBXFileReference; fileEncoding = 4; lastKnownFileType = sourcecode.c.objc; path = "NSObject+SBJson.m"; sourceTree = "<group>"; };
		9697E5DF1461E9A4001FA80E /* SBJson.h */ = {isa = PBXFileReference; fileEncoding = 4; lastKnownFileType = sourcecode.c.h; path = SBJson.h; sourceTree = "<group>"; };
		9697E5E01461E9A4001FA80E /* SBJsonParser.h */ = {isa = PBXFileReference; fileEncoding = 4; lastKnownFileType = sourcecode.c.h; path = SBJsonParser.h; sourceTree = "<group>"; };
		9697E5E11461E9A4001FA80E /* SBJsonParser.m */ = {isa = PBXFileReference; fileEncoding = 4; lastKnownFileType = sourcecode.c.objc; path = SBJsonParser.m; sourceTree = "<group>"; };
		9697E5E21461E9A4001FA80E /* SBJsonStreamParser.h */ = {isa = PBXFileReference; fileEncoding = 4; lastKnownFileType = sourcecode.c.h; path = SBJsonStreamParser.h; sourceTree = "<group>"; };
		9697E5E31461E9A4001FA80E /* SBJsonStreamParser.m */ = {isa = PBXFileReference; fileEncoding = 4; lastKnownFileType = sourcecode.c.objc; path = SBJsonStreamParser.m; sourceTree = "<group>"; };
		9697E5E41461E9A4001FA80E /* SBJsonStreamParserAccumulator.h */ = {isa = PBXFileReference; fileEncoding = 4; lastKnownFileType = sourcecode.c.h; path = SBJsonStreamParserAccumulator.h; sourceTree = "<group>"; };
		9697E5E51461E9A4001FA80E /* SBJsonStreamParserAccumulator.m */ = {isa = PBXFileReference; fileEncoding = 4; lastKnownFileType = sourcecode.c.objc; path = SBJsonStreamParserAccumulator.m; sourceTree = "<group>"; };
		9697E5E61461E9A4001FA80E /* SBJsonStreamParserAdapter.h */ = {isa = PBXFileReference; fileEncoding = 4; lastKnownFileType = sourcecode.c.h; path = SBJsonStreamParserAdapter.h; sourceTree = "<group>"; };
		9697E5E71461E9A4001FA80E /* SBJsonStreamParserAdapter.m */ = {isa = PBXFileReference; fileEncoding = 4; lastKnownFileType = sourcecode.c.objc; path = SBJsonStreamParserAdapter.m; sourceTree = "<group>"; };
		9697E5E81461E9A4001FA80E /* SBJsonStreamParserState.h */ = {isa = PBXFileReference; fileEncoding = 4; lastKnownFileType = sourcecode.c.h; path = SBJsonStreamParserState.h; sourceTree = "<group>"; };
		9697E5E91461E9A4001FA80E /* SBJsonStreamParserState.m */ = {isa = PBXFileReference; fileEncoding = 4; lastKnownFileType = sourcecode.c.objc; path = SBJsonStreamParserState.m; sourceTree = "<group>"; };
		9697E5EA1461E9A4001FA80E /* SBJsonStreamWriter.h */ = {isa = PBXFileReference; fileEncoding = 4; lastKnownFileType = sourcecode.c.h; path = SBJsonStreamWriter.h; sourceTree = "<group>"; };
		9697E5EB1461E9A4001FA80E /* SBJsonStreamWriter.m */ = {isa = PBXFileReference; fileEncoding = 4; lastKnownFileType = sourcecode.c.objc; path = SBJsonStreamWriter.m; sourceTree = "<group>"; };
		9697E5EC1461E9A4001FA80E /* SBJsonStreamWriterAccumulator.h */ = {isa = PBXFileReference; fileEncoding = 4; lastKnownFileType = sourcecode.c.h; path = SBJsonStreamWriterAccumulator.h; sourceTree = "<group>"; };
		9697E5ED1461E9A4001FA80E /* SBJsonStreamWriterAccumulator.m */ = {isa = PBXFileReference; fileEncoding = 4; lastKnownFileType = sourcecode.c.objc; path = SBJsonStreamWriterAccumulator.m; sourceTree = "<group>"; };
		9697E5EE1461E9A4001FA80E /* SBJsonStreamWriterState.h */ = {isa = PBXFileReference; fileEncoding = 4; lastKnownFileType = sourcecode.c.h; path = SBJsonStreamWriterState.h; sourceTree = "<group>"; };
		9697E5EF1461E9A4001FA80E /* SBJsonStreamWriterState.m */ = {isa = PBXFileReference; fileEncoding = 4; lastKnownFileType = sourcecode.c.objc; path = SBJsonStreamWriterState.m; sourceTree = "<group>"; };
		9697E5F01461E9A4001FA80E /* SBJsonTokeniser.h */ = {isa = PBXFileReference; fileEncoding = 4; lastKnownFileType = sourcecode.c.h; path = SBJsonTokeniser.h; sourceTree = "<group>"; };
		9697E5F11461E9A4001FA80E /* SBJsonTokeniser.m */ = {isa = PBXFileReference; fileEncoding = 4; lastKnownFileType = sourcecode.c.objc; path = SBJsonTokeniser.m; sourceTree = "<group>"; };
		9697E5F21461E9A4001FA80E /* SBJsonUTF8Stream.h */ = {isa = PBXFileReference; fileEncoding = 4; lastKnownFileType = sourcecode.c.h; path = SBJsonUTF8Stream.h; sourceTree = "<group>"; };
		9697E5F31461E9A4001FA80E /* SBJsonUTF8Stream.m */ = {isa = PBXFileReference; fileEncoding = 4; lastKnownFileType = sourcecode.c.objc; path = SBJsonUTF8Stream.m; sourceTree = "<group>"; };
		9697E5F41461E9A4001FA80E /* SBJsonWriter.h */ = {isa = PBXFileReference; fileEncoding = 4; lastKnownFileType = sourcecode.c.h; path = SBJsonWriter.h; sourceTree = "<group>"; };
		9697E5F51461E9A4001FA80E /* SBJsonWriter.m */ = {isa = PBXFileReference; fileEncoding = 4; lastKnownFileType = sourcecode.c.objc; path = SBJsonWriter.m; sourceTree = "<group>"; };
		96B366381468FCAE00D35E9B /* AccountInfoViewController.h */ = {isa = PBXFileReference; fileEncoding = 4; lastKnownFileType = sourcecode.c.h; name = AccountInfoViewController.h; path = ../AccountInfoViewController.h; sourceTree = "<group>"; };
		96B366391468FCAE00D35E9B /* AccountInfoViewController.m */ = {isa = PBXFileReference; fileEncoding = 4; lastKnownFileType = sourcecode.c.objc; name = AccountInfoViewController.m; path = ../AccountInfoViewController.m; sourceTree = "<group>"; };
		96B3663A1468FCAE00D35E9B /* AccountInfoViewController.xib */ = {isa = PBXFileReference; fileEncoding = 4; lastKnownFileType = file.xib; name = AccountInfoViewController.xib; path = ../AccountInfoViewController.xib; sourceTree = "<group>"; };
		96E56800144E71B80008C755 /* taedium.app */ = {isa = PBXFileReference; explicitFileType = wrapper.application; includeInIndex = 0; path = taedium.app; sourceTree = BUILT_PRODUCTS_DIR; };
		96E56804144E71B80008C755 /* UIKit.framework */ = {isa = PBXFileReference; lastKnownFileType = wrapper.framework; name = UIKit.framework; path = System/Library/Frameworks/UIKit.framework; sourceTree = SDKROOT; };
		96E56806144E71B80008C755 /* Foundation.framework */ = {isa = PBXFileReference; lastKnownFileType = wrapper.framework; name = Foundation.framework; path = System/Library/Frameworks/Foundation.framework; sourceTree = SDKROOT; };
		96E56808144E71B80008C755 /* CoreGraphics.framework */ = {isa = PBXFileReference; lastKnownFileType = wrapper.framework; name = CoreGraphics.framework; path = System/Library/Frameworks/CoreGraphics.framework; sourceTree = SDKROOT; };
		96E5680C144E71B80008C755 /* taedium-Info.plist */ = {isa = PBXFileReference; lastKnownFileType = text.plist.xml; path = "taedium-Info.plist"; sourceTree = "<group>"; };
		96E5680E144E71B80008C755 /* en */ = {isa = PBXFileReference; lastKnownFileType = text.plist.strings; name = en; path = en.lproj/InfoPlist.strings; sourceTree = "<group>"; };
		96E56810144E71B80008C755 /* main.m */ = {isa = PBXFileReference; lastKnownFileType = sourcecode.c.objc; path = main.m; sourceTree = "<group>"; };
		96E56812144E71B80008C755 /* taedium-Prefix.pch */ = {isa = PBXFileReference; lastKnownFileType = sourcecode.c.h; path = "taedium-Prefix.pch"; sourceTree = "<group>"; };
		96E56813144E71B80008C755 /* TaediumAppDelegate.h */ = {isa = PBXFileReference; lastKnownFileType = sourcecode.c.h; path = TaediumAppDelegate.h; sourceTree = "<group>"; };
		96E56814144E71B80008C755 /* TaediumAppDelegate.m */ = {isa = PBXFileReference; lastKnownFileType = sourcecode.c.objc; path = TaediumAppDelegate.m; sourceTree = "<group>"; };
		96E56817144E71B80008C755 /* en */ = {isa = PBXFileReference; lastKnownFileType = file.storyboard; name = en; path = en.lproj/MainStoryboard.storyboard; sourceTree = "<group>"; };
		96E56819144E71B80008C755 /* FilterActivitiesViewController.h */ = {isa = PBXFileReference; lastKnownFileType = sourcecode.c.h; path = FilterActivitiesViewController.h; sourceTree = "<group>"; };
		96E5681A144E71B80008C755 /* FilterActivitiesViewController.m */ = {isa = PBXFileReference; lastKnownFileType = sourcecode.c.objc; path = FilterActivitiesViewController.m; sourceTree = "<group>"; };
		96E5681C144E71B80008C755 /* first.png */ = {isa = PBXFileReference; lastKnownFileType = image.png; path = first.png; sourceTree = "<group>"; };
		96E5681E144E71B80008C755 /* first@2x.png */ = {isa = PBXFileReference; lastKnownFileType = image.png; path = "first@2x.png"; sourceTree = "<group>"; };
		96E56820144E71B80008C755 /* ViewRecsViewController.h */ = {isa = PBXFileReference; lastKnownFileType = sourcecode.c.h; path = ViewRecsViewController.h; sourceTree = "<group>"; };
		96E56821144E71B80008C755 /* ViewRecsViewController.m */ = {isa = PBXFileReference; lastKnownFileType = sourcecode.c.objc; path = ViewRecsViewController.m; sourceTree = "<group>"; };
		96E56823144E71B80008C755 /* second.png */ = {isa = PBXFileReference; lastKnownFileType = image.png; path = second.png; sourceTree = "<group>"; };
		96E56825144E71B80008C755 /* second@2x.png */ = {isa = PBXFileReference; lastKnownFileType = image.png; path = "second@2x.png"; sourceTree = "<group>"; };
		96E5682C144E71B80008C755 /* taediumTests.octest */ = {isa = PBXFileReference; explicitFileType = wrapper.cfbundle; includeInIndex = 0; path = taediumTests.octest; sourceTree = BUILT_PRODUCTS_DIR; };
		96E5682D144E71B80008C755 /* SenTestingKit.framework */ = {isa = PBXFileReference; lastKnownFileType = wrapper.framework; name = SenTestingKit.framework; path = Library/Frameworks/SenTestingKit.framework; sourceTree = DEVELOPER_DIR; };
		96E56835144E71B80008C755 /* taediumTests-Info.plist */ = {isa = PBXFileReference; lastKnownFileType = text.plist.xml; path = "taediumTests-Info.plist"; sourceTree = "<group>"; };
		96E56837144E71B80008C755 /* en */ = {isa = PBXFileReference; lastKnownFileType = text.plist.strings; name = en; path = en.lproj/InfoPlist.strings; sourceTree = "<group>"; };
		96E56839144E71B80008C755 /* taediumTests.h */ = {isa = PBXFileReference; lastKnownFileType = sourcecode.c.h; path = taediumTests.h; sourceTree = "<group>"; };
		96E5683A144E71B80008C755 /* taediumTests.m */ = {isa = PBXFileReference; lastKnownFileType = sourcecode.c.objc; path = taediumTests.m; sourceTree = "<group>"; };
		96E56848144E7FBF0008C755 /* AddActivityViewController.h */ = {isa = PBXFileReference; fileEncoding = 4; lastKnownFileType = sourcecode.c.h; path = AddActivityViewController.h; sourceTree = "<group>"; };
		96E56849144E7FC00008C755 /* AddActivityViewController.m */ = {isa = PBXFileReference; fileEncoding = 4; lastKnownFileType = sourcecode.c.objc; path = AddActivityViewController.m; sourceTree = "<group>"; };
		96E5684B144E82860008C755 /* SocialViewController.h */ = {isa = PBXFileReference; fileEncoding = 4; lastKnownFileType = sourcecode.c.h; path = SocialViewController.h; sourceTree = "<group>"; };
		96E5684C144E82860008C755 /* SocialViewController.m */ = {isa = PBXFileReference; fileEncoding = 4; lastKnownFileType = sourcecode.c.objc; path = SocialViewController.m; sourceTree = "<group>"; };
		96E56850144E84510008C755 /* AccountViewController.h */ = {isa = PBXFileReference; fileEncoding = 4; lastKnownFileType = sourcecode.c.h; path = AccountViewController.h; sourceTree = "<group>"; };
		96E56851144E84510008C755 /* AccountViewController.m */ = {isa = PBXFileReference; fileEncoding = 4; lastKnownFileType = sourcecode.c.objc; path = AccountViewController.m; sourceTree = "<group>"; };
		96FF8209146788E600CCA55B /* Register.xib */ = {isa = PBXFileReference; fileEncoding = 4; lastKnownFileType = file.xib; path = Register.xib; sourceTree = "<group>"; };
/* End PBXFileReference section */

/* Begin PBXFrameworksBuildPhase section */
		96E567FD144E71B80008C755 /* Frameworks */ = {
			isa = PBXFrameworksBuildPhase;
			buildActionMask = 2147483647;
			files = (
				96E56805144E71B80008C755 /* UIKit.framework in Frameworks */,
				96E56807144E71B80008C755 /* Foundation.framework in Frameworks */,
				96E56809144E71B80008C755 /* CoreGraphics.framework in Frameworks */,
			);
			runOnlyForDeploymentPostprocessing = 0;
		};
		96E56828144E71B80008C755 /* Frameworks */ = {
			isa = PBXFrameworksBuildPhase;
			buildActionMask = 2147483647;
			files = (
				96E5682E144E71B80008C755 /* SenTestingKit.framework in Frameworks */,
				96E5682F144E71B80008C755 /* UIKit.framework in Frameworks */,
				96E56830144E71B80008C755 /* Foundation.framework in Frameworks */,
			);
			runOnlyForDeploymentPostprocessing = 0;
		};
/* End PBXFrameworksBuildPhase section */

/* Begin PBXGroup section */
		9620EE441451345A006F78B6 /* Utilities */ = {
			isa = PBXGroup;
			children = (
				9697E5DC1461E9A4001FA80E /* JSON */,
				966891CF145FA77900E5638D /* GTMStringEncoding.m */,
				966891CE145FA77900E5638D /* GTMStringEncoding.h */,
				96880386145F9EAD004C3871 /* GTMHTTPFetcher.m */,
				96880385145F9EAD004C3871 /* GTMHTTPFetcher.h */,
				9620EE4614513863006F78B6 /* APICaller.h */,
				9620EE4714513863006F78B6 /* APICaller.m */,
			);
			name = Utilities;
			sourceTree = "<group>";
		};
		9620EE451451347D006F78B6 /* icons */ = {
			isa = PBXGroup;
			children = (
				96E5681C144E71B80008C755 /* first.png */,
				96E5681E144E71B80008C755 /* first@2x.png */,
				96E56823144E71B80008C755 /* second.png */,
				96E56825144E71B80008C755 /* second@2x.png */,
			);
			name = icons;
			sourceTree = "<group>";
		};
		9620EE491451386B006F78B6 /* Models */ = {
			isa = PBXGroup;
			children = (
				9620EE4A14513884006F78B6 /* Account.h */,
				9620EE4B14513884006F78B6 /* Account.m */,
			);
			name = Models;
			sourceTree = "<group>";
		};
		9697E5DC1461E9A4001FA80E /* JSON */ = {
			isa = PBXGroup;
			children = (
				9697E5DD1461E9A4001FA80E /* NSObject+SBJson.h */,
				9697E5DE1461E9A4001FA80E /* NSObject+SBJson.m */,
				9697E5DF1461E9A4001FA80E /* SBJson.h */,
				9697E5E01461E9A4001FA80E /* SBJsonParser.h */,
				9697E5E11461E9A4001FA80E /* SBJsonParser.m */,
				9697E5E21461E9A4001FA80E /* SBJsonStreamParser.h */,
				9697E5E31461E9A4001FA80E /* SBJsonStreamParser.m */,
				9697E5E41461E9A4001FA80E /* SBJsonStreamParserAccumulator.h */,
				9697E5E51461E9A4001FA80E /* SBJsonStreamParserAccumulator.m */,
				9697E5E61461E9A4001FA80E /* SBJsonStreamParserAdapter.h */,
				9697E5E71461E9A4001FA80E /* SBJsonStreamParserAdapter.m */,
				9697E5E81461E9A4001FA80E /* SBJsonStreamParserState.h */,
				9697E5E91461E9A4001FA80E /* SBJsonStreamParserState.m */,
				9697E5EA1461E9A4001FA80E /* SBJsonStreamWriter.h */,
				9697E5EB1461E9A4001FA80E /* SBJsonStreamWriter.m */,
				9697E5EC1461E9A4001FA80E /* SBJsonStreamWriterAccumulator.h */,
				9697E5ED1461E9A4001FA80E /* SBJsonStreamWriterAccumulator.m */,
				9697E5EE1461E9A4001FA80E /* SBJsonStreamWriterState.h */,
				9697E5EF1461E9A4001FA80E /* SBJsonStreamWriterState.m */,
				9697E5F01461E9A4001FA80E /* SBJsonTokeniser.h */,
				9697E5F11461E9A4001FA80E /* SBJsonTokeniser.m */,
				9697E5F21461E9A4001FA80E /* SBJsonUTF8Stream.h */,
				9697E5F31461E9A4001FA80E /* SBJsonUTF8Stream.m */,
				9697E5F41461E9A4001FA80E /* SBJsonWriter.h */,
				9697E5F51461E9A4001FA80E /* SBJsonWriter.m */,
			);
			name = JSON;
			path = Classes;
			sourceTree = "<group>";
		};
		96E567F5144E71B80008C755 = {
			isa = PBXGroup;
			children = (
				96691813145FAED400705241 /* GTMDefines.h */,
				96E5680A144E71B80008C755 /* taedium */,
				96E56833144E71B80008C755 /* taediumTests */,
				96E56803144E71B80008C755 /* Frameworks */,
				96E56801144E71B80008C755 /* Products */,
			);
			sourceTree = "<group>";
		};
		96E56801144E71B80008C755 /* Products */ = {
			isa = PBXGroup;
			children = (
				96E56800144E71B80008C755 /* taedium.app */,
				96E5682C144E71B80008C755 /* taediumTests.octest */,
			);
			name = Products;
			sourceTree = "<group>";
		};
		96E56803144E71B80008C755 /* Frameworks */ = {
			isa = PBXGroup;
			children = (
				96E56804144E71B80008C755 /* UIKit.framework */,
				96E56806144E71B80008C755 /* Foundation.framework */,
				96E56808144E71B80008C755 /* CoreGraphics.framework */,
				96E5682D144E71B80008C755 /* SenTestingKit.framework */,
			);
			name = Frameworks;
			sourceTree = "<group>";
		};
		96E5680A144E71B80008C755 /* taedium */ = {
			isa = PBXGroup;
			children = (
				96B366381468FCAE00D35E9B /* AccountInfoViewController.h */,
				96B366391468FCAE00D35E9B /* AccountInfoViewController.m */,
				96B3663A1468FCAE00D35E9B /* AccountInfoViewController.xib */,
				9620EE491451386B006F78B6 /* Models */,
				9620EE441451345A006F78B6 /* Utilities */,
				96E56813144E71B80008C755 /* TaediumAppDelegate.h */,
				96E56814144E71B80008C755 /* TaediumAppDelegate.m */,
				96E56816144E71B80008C755 /* MainStoryboard.storyboard */,
				96FF8209146788E600CCA55B /* Register.xib */,
				96E56819144E71B80008C755 /* FilterActivitiesViewController.h */,
				96E5681A144E71B80008C755 /* FilterActivitiesViewController.m */,
				96E56820144E71B80008C755 /* ViewRecsViewController.h */,
				96E56821144E71B80008C755 /* ViewRecsViewController.m */,
				96E5680B144E71B80008C755 /* Supporting Files */,
				96E56848144E7FBF0008C755 /* AddActivityViewController.h */,
				96E56849144E7FC00008C755 /* AddActivityViewController.m */,
				96E5684B144E82860008C755 /* SocialViewController.h */,
				96E5684C144E82860008C755 /* SocialViewController.m */,
				96E56850144E84510008C755 /* AccountViewController.h */,
				96E56851144E84510008C755 /* AccountViewController.m */,
				960A98DF1467AF0D00A530B6 /* RegisterViewController.h */,
				960A98E01467AF0D00A530B6 /* RegisterViewController.m */,
			);
			path = taedium;
			sourceTree = "<group>";
		};
		96E5680B144E71B80008C755 /* Supporting Files */ = {
			isa = PBXGroup;
			children = (
				9620EE451451347D006F78B6 /* icons */,
				96E5680C144E71B80008C755 /* taedium-Info.plist */,
				96E5680D144E71B80008C755 /* InfoPlist.strings */,
				96E56810144E71B80008C755 /* main.m */,
				96E56812144E71B80008C755 /* taedium-Prefix.pch */,
			);
			name = "Supporting Files";
			sourceTree = "<group>";
		};
		96E56833144E71B80008C755 /* taediumTests */ = {
			isa = PBXGroup;
			children = (
				96E56839144E71B80008C755 /* taediumTests.h */,
				96E5683A144E71B80008C755 /* taediumTests.m */,
				96E56834144E71B80008C755 /* Supporting Files */,
			);
			path = taediumTests;
			sourceTree = "<group>";
		};
		96E56834144E71B80008C755 /* Supporting Files */ = {
			isa = PBXGroup;
			children = (
				96E56835144E71B80008C755 /* taediumTests-Info.plist */,
				96E56836144E71B80008C755 /* InfoPlist.strings */,
			);
			name = "Supporting Files";
			sourceTree = "<group>";
		};
/* End PBXGroup section */

/* Begin PBXNativeTarget section */
		96E567FF144E71B80008C755 /* taedium */ = {
			isa = PBXNativeTarget;
			buildConfigurationList = 96E5683E144E71B80008C755 /* Build configuration list for PBXNativeTarget "taedium" */;
			buildPhases = (
				96E567FC144E71B80008C755 /* Sources */,
				96E567FD144E71B80008C755 /* Frameworks */,
				96E567FE144E71B80008C755 /* Resources */,
			);
			buildRules = (
			);
			dependencies = (
			);
			name = taedium;
			productName = taedium;
			productReference = 96E56800144E71B80008C755 /* taedium.app */;
			productType = "com.apple.product-type.application";
		};
		96E5682B144E71B80008C755 /* taediumTests */ = {
			isa = PBXNativeTarget;
			buildConfigurationList = 96E56841144E71B80008C755 /* Build configuration list for PBXNativeTarget "taediumTests" */;
			buildPhases = (
				96E56827144E71B80008C755 /* Sources */,
				96E56828144E71B80008C755 /* Frameworks */,
				96E56829144E71B80008C755 /* Resources */,
				96E5682A144E71B80008C755 /* ShellScript */,
			);
			buildRules = (
			);
			dependencies = (
				96E56832144E71B80008C755 /* PBXTargetDependency */,
			);
			name = taediumTests;
			productName = taediumTests;
			productReference = 96E5682C144E71B80008C755 /* taediumTests.octest */;
			productType = "com.apple.product-type.bundle";
		};
/* End PBXNativeTarget section */

/* Begin PBXProject section */
		96E567F7144E71B80008C755 /* Project object */ = {
			isa = PBXProject;
			attributes = {
				LastUpgradeCheck = 0420;
				ORGANIZATIONNAME = Mozilla;
			};
			buildConfigurationList = 96E567FA144E71B80008C755 /* Build configuration list for PBXProject "taedium" */;
			compatibilityVersion = "Xcode 3.2";
			developmentRegion = English;
			hasScannedForEncodings = 0;
			knownRegions = (
				en,
			);
			mainGroup = 96E567F5144E71B80008C755;
			productRefGroup = 96E56801144E71B80008C755 /* Products */;
			projectDirPath = "";
			projectRoot = "";
			targets = (
				96E567FF144E71B80008C755 /* taedium */,
				96E5682B144E71B80008C755 /* taediumTests */,
			);
		};
/* End PBXProject section */

/* Begin PBXResourcesBuildPhase section */
		96E567FE144E71B80008C755 /* Resources */ = {
			isa = PBXResourcesBuildPhase;
			buildActionMask = 2147483647;
			files = (
				96E5680F144E71B80008C755 /* InfoPlist.strings in Resources */,
				96E56818144E71B80008C755 /* MainStoryboard.storyboard in Resources */,
				96E5681D144E71B80008C755 /* first.png in Resources */,
				96E5681F144E71B80008C755 /* first@2x.png in Resources */,
				96E56824144E71B80008C755 /* second.png in Resources */,
				96E56826144E71B80008C755 /* second@2x.png in Resources */,
				96FF820A146788E600CCA55B /* Register.xib in Resources */,
				96B3663C1468FCAE00D35E9B /* AccountInfoViewController.xib in Resources */,
			);
			runOnlyForDeploymentPostprocessing = 0;
		};
		96E56829144E71B80008C755 /* Resources */ = {
			isa = PBXResourcesBuildPhase;
			buildActionMask = 2147483647;
			files = (
				96E56838144E71B80008C755 /* InfoPlist.strings in Resources */,
			);
			runOnlyForDeploymentPostprocessing = 0;
		};
/* End PBXResourcesBuildPhase section */

/* Begin PBXShellScriptBuildPhase section */
		96E5682A144E71B80008C755 /* ShellScript */ = {
			isa = PBXShellScriptBuildPhase;
			buildActionMask = 2147483647;
			files = (
			);
			inputPaths = (
			);
			outputPaths = (
			);
			runOnlyForDeploymentPostprocessing = 0;
			shellPath = /bin/sh;
			shellScript = "# Run the unit tests in this test bundle.\n\"${SYSTEM_DEVELOPER_DIR}/Tools/RunUnitTests\"\n";
		};
/* End PBXShellScriptBuildPhase section */

/* Begin PBXSourcesBuildPhase section */
		96E567FC144E71B80008C755 /* Sources */ = {
			isa = PBXSourcesBuildPhase;
			buildActionMask = 2147483647;
			files = (
				96E56811144E71B80008C755 /* main.m in Sources */,
				96E56815144E71B80008C755 /* TaediumAppDelegate.m in Sources */,
				96E5681B144E71B80008C755 /* FilterActivitiesViewController.m in Sources */,
				96E56822144E71B80008C755 /* ViewRecsViewController.m in Sources */,
				96E5684A144E7FC00008C755 /* AddActivityViewController.m in Sources */,
				96E5684E144E82860008C755 /* SocialViewController.m in Sources */,
				96E56852144E84510008C755 /* AccountViewController.m in Sources */,
				9620EE4814513863006F78B6 /* APICaller.m in Sources */,
				9620EE4C14513884006F78B6 /* Account.m in Sources */,
				96880387145F9EAD004C3871 /* GTMHTTPFetcher.m in Sources */,
				966891D0145FA77900E5638D /* GTMStringEncoding.m in Sources */,
				9697E5F61461E9A4001FA80E /* NSObject+SBJson.m in Sources */,
				9697E5F71461E9A4001FA80E /* SBJsonParser.m in Sources */,
				9697E5F81461E9A4001FA80E /* SBJsonStreamParser.m in Sources */,
				9697E5F91461E9A4001FA80E /* SBJsonStreamParserAccumulator.m in Sources */,
				9697E5FA1461E9A4001FA80E /* SBJsonStreamParserAdapter.m in Sources */,
				9697E5FB1461E9A4001FA80E /* SBJsonStreamParserState.m in Sources */,
				9697E5FC1461E9A4001FA80E /* SBJsonStreamWriter.m in Sources */,
				9697E5FD1461E9A4001FA80E /* SBJsonStreamWriterAccumulator.m in Sources */,
				9697E5FE1461E9A4001FA80E /* SBJsonStreamWriterState.m in Sources */,
				9697E5FF1461E9A4001FA80E /* SBJsonTokeniser.m in Sources */,
				9697E6001461E9A4001FA80E /* SBJsonUTF8Stream.m in Sources */,
				9697E6011461E9A4001FA80E /* SBJsonWriter.m in Sources */,
				960A98E11467AF0D00A530B6 /* RegisterViewController.m in Sources */,
				96B3663B1468FCAE00D35E9B /* AccountInfoViewController.m in Sources */,
			);
			runOnlyForDeploymentPostprocessing = 0;
		};
		96E56827144E71B80008C755 /* Sources */ = {
			isa = PBXSourcesBuildPhase;
			buildActionMask = 2147483647;
			files = (
				96E5683B144E71B80008C755 /* taediumTests.m in Sources */,
			);
			runOnlyForDeploymentPostprocessing = 0;
		};
/* End PBXSourcesBuildPhase section */

/* Begin PBXTargetDependency section */
		96E56832144E71B80008C755 /* PBXTargetDependency */ = {
			isa = PBXTargetDependency;
			target = 96E567FF144E71B80008C755 /* taedium */;
			targetProxy = 96E56831144E71B80008C755 /* PBXContainerItemProxy */;
		};
/* End PBXTargetDependency section */

/* Begin PBXVariantGroup section */
		96E5680D144E71B80008C755 /* InfoPlist.strings */ = {
			isa = PBXVariantGroup;
			children = (
				96E5680E144E71B80008C755 /* en */,
			);
			name = InfoPlist.strings;
			sourceTree = "<group>";
		};
		96E56816144E71B80008C755 /* MainStoryboard.storyboard */ = {
			isa = PBXVariantGroup;
			children = (
				96E56817144E71B80008C755 /* en */,
			);
			name = MainStoryboard.storyboard;
			sourceTree = "<group>";
		};
		96E56836144E71B80008C755 /* InfoPlist.strings */ = {
			isa = PBXVariantGroup;
			children = (
				96E56837144E71B80008C755 /* en */,
			);
			name = InfoPlist.strings;
			sourceTree = "<group>";
		};
/* End PBXVariantGroup section */

/* Begin XCBuildConfiguration section */
		96E5683C144E71B80008C755 /* Debug */ = {
			isa = XCBuildConfiguration;
			buildSettings = {
				ALWAYS_SEARCH_USER_PATHS = NO;
				ARCHS = "$(ARCHS_STANDARD_32_BIT)";
				CLANG_ENABLE_OBJC_ARC = YES;
				"CODE_SIGN_IDENTITY[sdk=iphoneos*]" = "iPhone Developer";
				COPY_PHASE_STRIP = NO;
				GCC_C_LANGUAGE_STANDARD = gnu99;
				GCC_DYNAMIC_NO_PIC = NO;
				GCC_OPTIMIZATION_LEVEL = 0;
				GCC_PREPROCESSOR_DEFINITIONS = (
					"DEBUG=1",
					"$(inherited)",
				);
				GCC_SYMBOLS_PRIVATE_EXTERN = NO;
				GCC_VERSION = com.apple.compilers.llvm.clang.1_0;
				GCC_WARN_ABOUT_MISSING_PROTOTYPES = YES;
				GCC_WARN_ABOUT_RETURN_TYPE = YES;
				GCC_WARN_UNUSED_VARIABLE = YES;
				IPHONEOS_DEPLOYMENT_TARGET = 5.0;
				SDKROOT = iphoneos;
			};
			name = Debug;
		};
		96E5683D144E71B80008C755 /* Release */ = {
			isa = XCBuildConfiguration;
			buildSettings = {
				ALWAYS_SEARCH_USER_PATHS = NO;
				ARCHS = "$(ARCHS_STANDARD_32_BIT)";
				CLANG_ENABLE_OBJC_ARC = YES;
				"CODE_SIGN_IDENTITY[sdk=iphoneos*]" = "iPhone Developer";
				COPY_PHASE_STRIP = YES;
				GCC_C_LANGUAGE_STANDARD = gnu99;
				GCC_VERSION = com.apple.compilers.llvm.clang.1_0;
				GCC_WARN_ABOUT_MISSING_PROTOTYPES = YES;
				GCC_WARN_ABOUT_RETURN_TYPE = YES;
				GCC_WARN_UNUSED_VARIABLE = YES;
				IPHONEOS_DEPLOYMENT_TARGET = 5.0;
				OTHER_CFLAGS = "-DNS_BLOCK_ASSERTIONS=1";
				SDKROOT = iphoneos;
				VALIDATE_PRODUCT = YES;
			};
			name = Release;
		};
		96E5683F144E71B80008C755 /* Debug */ = {
			isa = XCBuildConfiguration;
			buildSettings = {
				CLANG_ENABLE_OBJC_ARC = YES;
				GCC_PRECOMPILE_PREFIX_HEADER = YES;
				GCC_PREFIX_HEADER = "taedium/taedium-Prefix.pch";
				INFOPLIST_FILE = "taedium/taedium-Info.plist";
				PRODUCT_NAME = "$(TARGET_NAME)";
				WRAPPER_EXTENSION = app;
			};
			name = Debug;
		};
		96E56840144E71B80008C755 /* Release */ = {
			isa = XCBuildConfiguration;
			buildSettings = {
				CLANG_ENABLE_OBJC_ARC = YES;
				GCC_PRECOMPILE_PREFIX_HEADER = YES;
				GCC_PREFIX_HEADER = "taedium/taedium-Prefix.pch";
				INFOPLIST_FILE = "taedium/taedium-Info.plist";
				PRODUCT_NAME = "$(TARGET_NAME)";
				WRAPPER_EXTENSION = app;
			};
			name = Release;
		};
		96E56842144E71B80008C755 /* Debug */ = {
			isa = XCBuildConfiguration;
			buildSettings = {
				BUNDLE_LOADER = "$(BUILT_PRODUCTS_DIR)/taedium.app/taedium";
				FRAMEWORK_SEARCH_PATHS = (
					"$(SDKROOT)/Developer/Library/Frameworks",
					"$(DEVELOPER_LIBRARY_DIR)/Frameworks",
				);
				GCC_PRECOMPILE_PREFIX_HEADER = YES;
				GCC_PREFIX_HEADER = "taedium/taedium-Prefix.pch";
				INFOPLIST_FILE = "taediumTests/taediumTests-Info.plist";
				PRODUCT_NAME = "$(TARGET_NAME)";
				TEST_HOST = "$(BUNDLE_LOADER)";
				WRAPPER_EXTENSION = octest;
			};
			name = Debug;
		};
		96E56843144E71B80008C755 /* Release */ = {
			isa = XCBuildConfiguration;
			buildSettings = {
				BUNDLE_LOADER = "$(BUILT_PRODUCTS_DIR)/taedium.app/taedium";
				FRAMEWORK_SEARCH_PATHS = (
					"$(SDKROOT)/Developer/Library/Frameworks",
					"$(DEVELOPER_LIBRARY_DIR)/Frameworks",
				);
				GCC_PRECOMPILE_PREFIX_HEADER = YES;
				GCC_PREFIX_HEADER = "taedium/taedium-Prefix.pch";
				INFOPLIST_FILE = "taediumTests/taediumTests-Info.plist";
				PRODUCT_NAME = "$(TARGET_NAME)";
				TEST_HOST = "$(BUNDLE_LOADER)";
				WRAPPER_EXTENSION = octest;
			};
			name = Release;
		};
/* End XCBuildConfiguration section */

/* Begin XCConfigurationList section */
		96E567FA144E71B80008C755 /* Build configuration list for PBXProject "taedium" */ = {
			isa = XCConfigurationList;
			buildConfigurations = (
				96E5683C144E71B80008C755 /* Debug */,
				96E5683D144E71B80008C755 /* Release */,
			);
			defaultConfigurationIsVisible = 0;
			defaultConfigurationName = Release;
		};
		96E5683E144E71B80008C755 /* Build configuration list for PBXNativeTarget "taedium" */ = {
			isa = XCConfigurationList;
			buildConfigurations = (
				96E5683F144E71B80008C755 /* Debug */,
				96E56840144E71B80008C755 /* Release */,
			);
			defaultConfigurationIsVisible = 0;
			defaultConfigurationName = Release;
		};
		96E56841144E71B80008C755 /* Build configuration list for PBXNativeTarget "taediumTests" */ = {
			isa = XCConfigurationList;
			buildConfigurations = (
				96E56842144E71B80008C755 /* Debug */,
				96E56843144E71B80008C755 /* Release */,
			);
			defaultConfigurationIsVisible = 0;
			defaultConfigurationName = Release;
		};
/* End XCConfigurationList section */
	};
	rootObject = 96E567F7144E71B80008C755 /* Project object */;
}
